
Microsoft Visual Studio Solution File, Format Version 12.00
# Visual Studio Version 17
VisualStudioVersion = 17.5.33516.290
MinimumVisualStudioVersion = 10.0.40219.1
Project("{FAE04EC0-301F-11D3-BF4B-00C04F79EFBC}") = "ChatAppBackend", "ChatAppBackend\ChatAppBackend.csproj", "{5E9152A1-005C-4B31-813D-802301E1ABBE}"
EndProject
Global
	GlobalSection(SolutionConfigurationPlatforms) = preSolution
		Debug|Any CPU = Debug|Any CPU
		Release|Any CPU = Release|Any CPU
	EndGlobalSection
	GlobalSection(ProjectConfigurationPlatforms) = postSolution
		{5E9152A1-005C-4B31-813D-802301E1ABBE}.Debug|Any CPU.ActiveCfg = Debug|Any CPU
		{5E9152A1-005C-4B31-813D-802301E1ABBE}.Debug|Any CPU.Build.0 = Debug|Any CPU
		{5E9152A1-005C-4B31-813D-802301E1ABBE}.Release|Any CPU.ActiveCfg = Release|Any CPU
		{5E9152A1-005C-4B31-813D-802301E1ABBE}.Release|Any CPU.Build.0 = Release|Any CPU
	EndGlobalSection
	GlobalSection(SolutionProperties) = preSolution
		HideSolutionNode = FALSE
	EndGlobalSection
	GlobalSection(ExtensibilityGlobals) = postSolution
		SolutionGuid = {5592A830-9B4A-4DDE-815B-75D8F7D952B9}
	EndGlobalSection
EndGlobal
